
Microsoft Visual Studio Solution File, Format Version 11.00
# Visual Studio 2010
Project("{FAE04EC0-301F-11D3-BF4B-00C04F79EFBC}") = "Assembly-CSharp", "Assembly-CSharp.csproj", "{CFB0ABFB-071E-AD9D-3A17-00BD90715957}"
EndProject
Project("{FAE04EC0-301F-11D3-BF4B-00C04F79EFBC}") = "Assembly-CSharp-Editor", "Assembly-CSharp-Editor.csproj", "{53D78017-0DBD-C310-3C14-E8987123B5B8}"
EndProject
Global
	GlobalSection(SolutionConfigurationPlatforms) = preSolution
		Debug|Any CPU = Debug|Any CPU
		Release|Any CPU = Release|Any CPU
	EndGlobalSection
	GlobalSection(ProjectConfigurationPlatforms) = postSolution
		{CFB0ABFB-071E-AD9D-3A17-00BD90715957}.Debug|Any CPU.ActiveCfg = Debug|Any CPU
		{CFB0ABFB-071E-AD9D-3A17-00BD90715957}.Debug|Any CPU.Build.0 = Debug|Any CPU
		{CFB0ABFB-071E-AD9D-3A17-00BD90715957}.Release|Any CPU.ActiveCfg = Release|Any CPU
		{CFB0ABFB-071E-AD9D-3A17-00BD90715957}.Release|Any CPU.Build.0 = Release|Any CPU
		{53D78017-0DBD-C310-3C14-E8987123B5B8}.Debug|Any CPU.ActiveCfg = Debug|Any CPU
		{53D78017-0DBD-C310-3C14-E8987123B5B8}.Debug|Any CPU.Build.0 = Debug|Any CPU
		{53D78017-0DBD-C310-3C14-E8987123B5B8}.Release|Any CPU.ActiveCfg = Release|Any CPU
		{53D78017-0DBD-C310-3C14-E8987123B5B8}.Release|Any CPU.Build.0 = Release|Any CPU
	EndGlobalSection
	GlobalSection(SolutionProperties) = preSolution
		HideSolutionNode = FALSE
	EndGlobalSection
EndGlobal
